
Microsoft Visual Studio Solution File, Format Version 10.00
# Visual C++ Express 2008
Project("{8BC9CEB8-8B4A-11D0-8D11-00A0C91BC942}") = "Shag 5", "Shag 5\Shag 5.vcproj", "{9BB76410-4490-479E-B99E-7B82FEF94FD9}"
EndProject
Global
	GlobalSection(SolutionConfigurationPlatforms) = preSolution
		Debug|Win32 = Debug|Win32
		Release|Win32 = Release|Win32
	EndGlobalSection
	GlobalSection(ProjectConfigurationPlatforms) = postSolution
		{9BB76410-4490-479E-B99E-7B82FEF94FD9}.Debug|Win32.ActiveCfg = Debug|Win32
		{9BB76410-4490-479E-B99E-7B82FEF94FD9}.Debug|Win32.Build.0 = Debug|Win32
		{9BB76410-4490-479E-B99E-7B82FEF94FD9}.Release|Win32.ActiveCfg = Release|Win32
		{9BB76410-4490-479E-B99E-7B82FEF94FD9}.Release|Win32.Build.0 = Release|Win32
	EndGlobalSection
	GlobalSection(SolutionProperties) = preSolution
		HideSolutionNode = FALSE
	EndGlobalSection
EndGlobal
