
Microsoft Visual Studio Solution File, Format Version 11.00
# Visual C++ Express 2010
Project("{8BC9CEB8-8B4A-11D0-8D11-00A0C91BC942}") = "OOP", "OOP\OOP.vcxproj", "{2ABF63B5-767F-4AB9-9B7F-36682D3DD9F1}"
EndProject
Global
	GlobalSection(SolutionConfigurationPlatforms) = preSolution
		Debug|Win32 = Debug|Win32
		Release|Win32 = Release|Win32
	EndGlobalSection
	GlobalSection(ProjectConfigurationPlatforms) = postSolution
		{2ABF63B5-767F-4AB9-9B7F-36682D3DD9F1}.Debug|Win32.ActiveCfg = Debug|Win32
		{2ABF63B5-767F-4AB9-9B7F-36682D3DD9F1}.Debug|Win32.Build.0 = Debug|Win32
		{2ABF63B5-767F-4AB9-9B7F-36682D3DD9F1}.Release|Win32.ActiveCfg = Release|Win32
		{2ABF63B5-767F-4AB9-9B7F-36682D3DD9F1}.Release|Win32.Build.0 = Release|Win32
	EndGlobalSection
	GlobalSection(SolutionProperties) = preSolution
		HideSolutionNode = FALSE
	EndGlobalSection
EndGlobal
