
Microsoft Visual Studio Solution File, Format Version 11.00
# Visual Studio 2010
Project("{8BC9CEB8-8B4A-11D0-8D11-00A0C91BC942}") = "Shag 1", "Shag 1\Shag 1.vcxproj", "{E4F29B89-20D6-4557-9214-AAD7327DE8D2}"
EndProject
Project("{8BC9CEB8-8B4A-11D0-8D11-00A0C91BC942}") = "Shag 2", "Shag 2\Shag 2.vcxproj", "{39CD33FB-ECDA-4ADB-A608-467B1F6D1A8E}"
EndProject
Global
	GlobalSection(SolutionConfigurationPlatforms) = preSolution
		Debug|Win32 = Debug|Win32
		Release|Win32 = Release|Win32
	EndGlobalSection
	GlobalSection(ProjectConfigurationPlatforms) = postSolution
		{E4F29B89-20D6-4557-9214-AAD7327DE8D2}.Debug|Win32.ActiveCfg = Debug|Win32
		{E4F29B89-20D6-4557-9214-AAD7327DE8D2}.Debug|Win32.Build.0 = Debug|Win32
		{E4F29B89-20D6-4557-9214-AAD7327DE8D2}.Release|Win32.ActiveCfg = Release|Win32
		{E4F29B89-20D6-4557-9214-AAD7327DE8D2}.Release|Win32.Build.0 = Release|Win32
		{39CD33FB-ECDA-4ADB-A608-467B1F6D1A8E}.Debug|Win32.ActiveCfg = Debug|Win32
		{39CD33FB-ECDA-4ADB-A608-467B1F6D1A8E}.Debug|Win32.Build.0 = Debug|Win32
		{39CD33FB-ECDA-4ADB-A608-467B1F6D1A8E}.Release|Win32.ActiveCfg = Release|Win32
		{39CD33FB-ECDA-4ADB-A608-467B1F6D1A8E}.Release|Win32.Build.0 = Release|Win32
	EndGlobalSection
	GlobalSection(SolutionProperties) = preSolution
		HideSolutionNode = FALSE
	EndGlobalSection
EndGlobal
